
Microsoft Visual Studio Solution File, Format Version 12.00
# Visual Studio Version 17
VisualStudioVersion = 17.1.32421.90
MinimumVisualStudioVersion = 10.0.40219.1
Project("{9A19103F-16F7-4668-BE54-9A1E7A4F7556}") = "POO_Migrations", "POO_Migrations.csproj", "{21F3C7E1-09E6-40C7-BF5D-E4D83C4065C2}"
EndProject
Global
	GlobalSection(SolutionConfigurationPlatforms) = preSolution
		Debug|Any CPU = Debug|Any CPU
		Release|Any CPU = Release|Any CPU
	EndGlobalSection
	GlobalSection(ProjectConfigurationPlatforms) = postSolution
		{21F3C7E1-09E6-40C7-BF5D-E4D83C4065C2}.Debug|Any CPU.ActiveCfg = Debug|Any CPU
		{21F3C7E1-09E6-40C7-BF5D-E4D83C4065C2}.Debug|Any CPU.Build.0 = Debug|Any CPU
		{21F3C7E1-09E6-40C7-BF5D-E4D83C4065C2}.Release|Any CPU.ActiveCfg = Release|Any CPU
		{21F3C7E1-09E6-40C7-BF5D-E4D83C4065C2}.Release|Any CPU.Build.0 = Release|Any CPU
	EndGlobalSection
	GlobalSection(SolutionProperties) = preSolution
		HideSolutionNode = FALSE
	EndGlobalSection
	GlobalSection(ExtensibilityGlobals) = postSolution
		SolutionGuid = {1072D236-A440-4A5E-9BB8-CB3AA2489D63}
	EndGlobalSection
EndGlobal
